packages:
  - name: dbt_utils
    package: dbt-labs/dbt_utils
    version: 1.1.1
  - name: dbt_date
    package: godatadriven/dbt_date
    version: 0.10.0
  - git: https://github.com/dbt-labs/dbt-audit-helper.git
    name: audit_helper
    revision: 014af559efd9dd1fa6551cb348fcc6d4def9a1e7
  - name: dbt_artifacts
    package: brooklyn-data/dbt_artifacts
    version: 2.9.3
sha1_hash: 47fb790a9332ac438128863b4045965811594f12
